{
  "version": "2",
  "remote": {
    "https://deno.land/x/entsoe_api_client@0.1.8/mod.ts": "2db86abe87e69ea26b8fdcf5a0bcb87d75a3dee1c7e88e744dc7e283061e5ef1",
    "https://deno.land/x/entsoe_api_client@0.1.8/src/parameters/areas.js": "c04cd801caba55040b059a341510d1d71529d84da1beab1fc9dddb831ae2e86f",
    "https://deno.land/x/entsoe_api_client@0.1.8/src/parameters/documenttype.js": "cfdfae160e59d467c22516c16ff36b3803a8fa49e40dd83f7d05b81235983670",
    "https://deno.land/x/entsoe_api_client@0.1.8/src/parameters/processtype.js": "a9ca7705b3f7ab6caa2e73b9c6a0edab5424af70136ededb11da69822e106533",
    "https://deno.land/x/entsoe_api_client@0.1.8/src/parameters/psrtype.js": "9ce93cfff0187708846bf15c1127d9f166e59c0d558332104d39b9467b6da7e3",
    "https://deno.land/x/entsoe_api_client@0.1.8/src/parsedocument.ts": "9b031d64e200c395c38791c4306477336e667dc78a6fe0f5540ffbcb51949346",
    "https://deno.land/x/xml@2.0.4/mod.ts": "e0f63d82d3bb4c082e009956a34a2b3a31006dbdc28b25d27c5089feb8e9fa4f",
    "https://deno.land/x/xml@2.0.4/parse.ts": "db7c16f4bcb0d47fc704e2d7e11e54716d195e4ba9f8fd8a28aa09007c02749d",
    "https://deno.land/x/xml@2.0.4/stringify.ts": "67989ecd99f25a1c4730f8eb45ea3d9ca8c17ed083851593053a9198e0ca9fff",
    "https://deno.land/x/xml@2.0.4/utils/parser.ts": "b2dd27d70e0ff5e9a4f28b7b3e6e4e6ea54714b4695c628fc37050f20e5ee3a5",
    "https://deno.land/x/xml@2.0.4/utils/stream.ts": "f7a5b219e8c1981b8f48353167fb7eb116a8c0f84a375068d036a1ba848e0673",
    "https://deno.land/x/xml@2.0.4/utils/streamable.ts": "d6429add37e740b0a4f1970d8d55ae9798309805c5126e03963533872a20d81d",
    "https://deno.land/x/xml@2.0.4/utils/stringifier.ts": "094d4353b3f71b64dded80ed50e98c994b6da89957c91152f24d320f0082d67e",
    "https://deno.land/x/xml@2.0.4/utils/types.ts": "290c064b2b6bd9497bb67835488a2a9546437e06e54b295b214668a1b947e3e5"
  }
}
