{
  "version": "2",
  "remote": {
    "https://deno.land/x/entsoe_api_client@0.0.1/mod.js": "bfbad413084fa5facd26800ae82bcf32377b3242167e98f7d4cf83acbd782213",
    "https://deno.land/x/entsoe_api_client@0.0.1/src/parameters/areas.js": "c04cd801caba55040b059a341510d1d71529d84da1beab1fc9dddb831ae2e86f",
    "https://deno.land/x/entsoe_api_client@0.0.1/src/parameters/documenttype.js": "cfdfae160e59d467c22516c16ff36b3803a8fa49e40dd83f7d05b81235983670",
    "https://deno.land/x/entsoe_api_client@0.0.1/src/parsedocument.js": "8679ea08f3ae70c8c3515855143dbe6b82de131ee34b330f700fe82f02fe9334",
    "https://deno.land/x/entsoe_api_client@0.0.3/mod.js": "e3c5309b0d9d44c6bb2fcafcec7a9e26403d8cf8c258fe4992abbb8397e64fd4",
    "https://deno.land/x/entsoe_api_client@0.0.3/src/parameters/areas.js": "c04cd801caba55040b059a341510d1d71529d84da1beab1fc9dddb831ae2e86f",
    "https://deno.land/x/entsoe_api_client@0.0.3/src/parameters/documenttype.js": "cfdfae160e59d467c22516c16ff36b3803a8fa49e40dd83f7d05b81235983670",
    "https://deno.land/x/entsoe_api_client@0.0.3/src/parsedocument.js": "745ccc32bd1315aab0db6562f1ce2f336e256c3d5e75bd97c629baadb69833bb",
    "https://deno.land/x/xml@2.0.4/mod.ts": "e0f63d82d3bb4c082e009956a34a2b3a31006dbdc28b25d27c5089feb8e9fa4f",
    "https://deno.land/x/xml@2.0.4/parse.ts": "db7c16f4bcb0d47fc704e2d7e11e54716d195e4ba9f8fd8a28aa09007c02749d",
    "https://deno.land/x/xml@2.0.4/stringify.ts": "67989ecd99f25a1c4730f8eb45ea3d9ca8c17ed083851593053a9198e0ca9fff",
    "https://deno.land/x/xml@2.0.4/utils/parser.ts": "b2dd27d70e0ff5e9a4f28b7b3e6e4e6ea54714b4695c628fc37050f20e5ee3a5",
    "https://deno.land/x/xml@2.0.4/utils/stream.ts": "f7a5b219e8c1981b8f48353167fb7eb116a8c0f84a375068d036a1ba848e0673",
    "https://deno.land/x/xml@2.0.4/utils/streamable.ts": "d6429add37e740b0a4f1970d8d55ae9798309805c5126e03963533872a20d81d",
    "https://deno.land/x/xml@2.0.4/utils/stringifier.ts": "094d4353b3f71b64dded80ed50e98c994b6da89957c91152f24d320f0082d67e",
    "https://deno.land/x/xml@2.0.4/utils/types.ts": "290c064b2b6bd9497bb67835488a2a9546437e06e54b295b214668a1b947e3e5"
  }
}
